
Microsoft Visual Studio Solution File, Format Version 12.00
# Visual Studio 15
VisualStudioVersion = 15.0.28010.2036
MinimumVisualStudioVersion = 10.0.40219.1
Project("{FAE04EC0-301F-11D3-BF4B-00C04F79EFBC}") = "EmailDemo", "EmailDemo\EmailDemo.csproj", "{1DE95AAF-0E71-43E5-8450-8E3334E63232}"
EndProject
Global
	GlobalSection(SolutionConfigurationPlatforms) = preSolution
		Debug|Any CPU = Debug|Any CPU
		Release|Any CPU = Release|Any CPU
	EndGlobalSection
	GlobalSection(ProjectConfigurationPlatforms) = postSolution
		{1DE95AAF-0E71-43E5-8450-8E3334E63232}.Debug|Any CPU.ActiveCfg = Debug|Any CPU
		{1DE95AAF-0E71-43E5-8450-8E3334E63232}.Debug|Any CPU.Build.0 = Debug|Any CPU
		{1DE95AAF-0E71-43E5-8450-8E3334E63232}.Release|Any CPU.ActiveCfg = Release|Any CPU
		{1DE95AAF-0E71-43E5-8450-8E3334E63232}.Release|Any CPU.Build.0 = Release|Any CPU
	EndGlobalSection
	GlobalSection(SolutionProperties) = preSolution
		HideSolutionNode = FALSE
	EndGlobalSection
	GlobalSection(ExtensibilityGlobals) = postSolution
		SolutionGuid = {9EFA9D52-AB41-4F46-ADB1-5D52EC63C6F1}
	EndGlobalSection
EndGlobal
